
Microsoft Visual Studio Solution File, Format Version 12.00
# Visual Studio Version 17
VisualStudioVersion = 17.14.36221.1 d17.14
MinimumVisualStudioVersion = 10.0.40219.1
Project("{FAE04EC0-301F-11D3-BF4B-00C04F79EFBC}") = "Library_Management_Api", "Library_Management_Api.csproj", "{63D45959-4A19-49C1-A1EA-83E01D45B80F}"
EndProject
Global
	GlobalSection(SolutionConfigurationPlatforms) = preSolution
		Debug|Any CPU = Debug|Any CPU
		Release|Any CPU = Release|Any CPU
	EndGlobalSection
	GlobalSection(ProjectConfigurationPlatforms) = postSolution
		{63D45959-4A19-49C1-A1EA-83E01D45B80F}.Debug|Any CPU.ActiveCfg = Debug|Any CPU
		{63D45959-4A19-49C1-A1EA-83E01D45B80F}.Debug|Any CPU.Build.0 = Debug|Any CPU
		{63D45959-4A19-49C1-A1EA-83E01D45B80F}.Release|Any CPU.ActiveCfg = Release|Any CPU
		{63D45959-4A19-49C1-A1EA-83E01D45B80F}.Release|Any CPU.Build.0 = Release|Any CPU
	EndGlobalSection
	GlobalSection(SolutionProperties) = preSolution
		HideSolutionNode = FALSE
	EndGlobalSection
	GlobalSection(ExtensibilityGlobals) = postSolution
		SolutionGuid = {4E6F30D8-C483-410F-A557-C2A4EEF2E53A}
	EndGlobalSection
EndGlobal
